
Microsoft Visual Studio Solution File, Format Version 12.00
# Visual Studio Version 16
VisualStudioVersion = 16.0.30011.22
MinimumVisualStudioVersion = 15.0.26124.0
Project("{9A19103F-16F7-4668-BE54-9A1E7A4F7556}") = "blazor-light-app", "blazor-light-app\blazor-light-app.csproj", "{2D39116E-3E5C-4661-B384-3DED19665D8F}"
EndProject
Project("{9A19103F-16F7-4668-BE54-9A1E7A4F7556}") = "BlazorServer", "BlazorServer\BlazorServer.csproj", "{838D96BA-EB11-47A2-B5CF-CC9FE094C1D9}"
EndProject
Global
	GlobalSection(SolutionConfigurationPlatforms) = preSolution
		Debug|Any CPU = Debug|Any CPU
		Debug|x64 = Debug|x64
		Debug|x86 = Debug|x86
		Release|Any CPU = Release|Any CPU
		Release|x64 = Release|x64
		Release|x86 = Release|x86
	EndGlobalSection
	GlobalSection(ProjectConfigurationPlatforms) = postSolution
		{2D39116E-3E5C-4661-B384-3DED19665D8F}.Debug|Any CPU.ActiveCfg = Debug|Any CPU
		{2D39116E-3E5C-4661-B384-3DED19665D8F}.Debug|Any CPU.Build.0 = Debug|Any CPU
		{2D39116E-3E5C-4661-B384-3DED19665D8F}.Debug|x64.ActiveCfg = Debug|Any CPU
		{2D39116E-3E5C-4661-B384-3DED19665D8F}.Debug|x64.Build.0 = Debug|Any CPU
		{2D39116E-3E5C-4661-B384-3DED19665D8F}.Debug|x86.ActiveCfg = Debug|Any CPU
		{2D39116E-3E5C-4661-B384-3DED19665D8F}.Debug|x86.Build.0 = Debug|Any CPU
		{2D39116E-3E5C-4661-B384-3DED19665D8F}.Release|Any CPU.ActiveCfg = Release|Any CPU
		{2D39116E-3E5C-4661-B384-3DED19665D8F}.Release|Any CPU.Build.0 = Release|Any CPU
		{2D39116E-3E5C-4661-B384-3DED19665D8F}.Release|x64.ActiveCfg = Release|Any CPU
		{2D39116E-3E5C-4661-B384-3DED19665D8F}.Release|x64.Build.0 = Release|Any CPU
		{2D39116E-3E5C-4661-B384-3DED19665D8F}.Release|x86.ActiveCfg = Release|Any CPU
		{2D39116E-3E5C-4661-B384-3DED19665D8F}.Release|x86.Build.0 = Release|Any CPU
		{838D96BA-EB11-47A2-B5CF-CC9FE094C1D9}.Debug|Any CPU.ActiveCfg = Debug|Any CPU
		{838D96BA-EB11-47A2-B5CF-CC9FE094C1D9}.Debug|Any CPU.Build.0 = Debug|Any CPU
		{838D96BA-EB11-47A2-B5CF-CC9FE094C1D9}.Debug|x64.ActiveCfg = Debug|Any CPU
		{838D96BA-EB11-47A2-B5CF-CC9FE094C1D9}.Debug|x64.Build.0 = Debug|Any CPU
		{838D96BA-EB11-47A2-B5CF-CC9FE094C1D9}.Debug|x86.ActiveCfg = Debug|Any CPU
		{838D96BA-EB11-47A2-B5CF-CC9FE094C1D9}.Debug|x86.Build.0 = Debug|Any CPU
		{838D96BA-EB11-47A2-B5CF-CC9FE094C1D9}.Release|Any CPU.ActiveCfg = Release|Any CPU
		{838D96BA-EB11-47A2-B5CF-CC9FE094C1D9}.Release|Any CPU.Build.0 = Release|Any CPU
		{838D96BA-EB11-47A2-B5CF-CC9FE094C1D9}.Release|x64.ActiveCfg = Release|Any CPU
		{838D96BA-EB11-47A2-B5CF-CC9FE094C1D9}.Release|x64.Build.0 = Release|Any CPU
		{838D96BA-EB11-47A2-B5CF-CC9FE094C1D9}.Release|x86.ActiveCfg = Release|Any CPU
		{838D96BA-EB11-47A2-B5CF-CC9FE094C1D9}.Release|x86.Build.0 = Release|Any CPU
	EndGlobalSection
	GlobalSection(SolutionProperties) = preSolution
		HideSolutionNode = FALSE
	EndGlobalSection
	GlobalSection(ExtensibilityGlobals) = postSolution
		SolutionGuid = {D05D68BB-EB95-43AB-A300-7C8F9F260699}
	EndGlobalSection
EndGlobal
